// !$*UTF8*$!
{
	archiveVersion = 1;
	classes = {
	};
	objectVersion = 56;
	objects = {

/* Begin PBXBuildFile section */
		047E0F6E2BD3BDB20096E150 /* PagesView.swift in Sources */ = {isa = PBXBuildFile; fileRef = 047E0F6D2BD3BDB20096E150 /* PagesView.swift */; };
		047E0F712BD81D160096E150 /* UserDefaultsManager.swift in Sources */ = {isa = PBXBuildFile; fileRef = 047E0F702BD81D160096E150 /* UserDefaultsManager.swift */; };
		37EF42692BD1B92900AEB339 /* WishCollectionCell.swift in Sources */ = {isa = PBXBuildFile; fileRef = 37EF42682BD1B92900AEB339 /* WishCollectionCell.swift */; };
		37EF426C2BD3AAE100AEB339 /* WishListCellModel.swift in Sources */ = {isa = PBXBuildFile; fileRef = 37EF426B2BD3AAE100AEB339 /* WishListCellModel.swift */; };
		37EF426E2BD3AC0100AEB339 /* UISearchBar Extension.swift in Sources */ = {isa = PBXBuildFile; fileRef = 37EF426D2BD3AC0100AEB339 /* UISearchBar Extension.swift */; };
		37EF42702BD3BC8700AEB339 /* UICollectionView Extension.swift in Sources */ = {isa = PBXBuildFile; fileRef = 37EF426F2BD3BC8700AEB339 /* UICollectionView Extension.swift */; };
		5144524B2BD0EB170093B9D5 /* ProfileVС.swift in Sources */ = {isa = PBXBuildFile; fileRef = 5144524A2BD0EB170093B9D5 /* ProfileVС.swift */; };
		514452522BD10DCB0093B9D5 /* ChangePhotoVC.swift in Sources */ = {isa = PBXBuildFile; fileRef = 514452502BD10DCB0093B9D5 /* ChangePhotoVC.swift */; };
		514452532BD10DCB0093B9D5 /* TermsVC.swift in Sources */ = {isa = PBXBuildFile; fileRef = 514452512BD10DCB0093B9D5 /* TermsVC.swift */; };
		514452552BD140F90093B9D5 /* TermsModel.swift in Sources */ = {isa = PBXBuildFile; fileRef = 514452542BD140F80093B9D5 /* TermsModel.swift */; };
		514452592BD23CAE0093B9D5 /* ChangeProfileVC.swift in Sources */ = {isa = PBXBuildFile; fileRef = 514452582BD23CAD0093B9D5 /* ChangeProfileVC.swift */; };
		E0364B5C2BD6AD5300CACBCC /* GoogleService-Info.plist in Resources */ = {isa = PBXBuildFile; fileRef = E0364B5B2BD6AD5300CACBCC /* GoogleService-Info.plist */; };
		E0364B5F2BD6AD9300CACBCC /* FirebaseAuth in Frameworks */ = {isa = PBXBuildFile; productRef = E0364B5E2BD6AD9300CACBCC /* FirebaseAuth */; };
		E0364B612BD6AD9300CACBCC /* FirebaseFirestore in Frameworks */ = {isa = PBXBuildFile; productRef = E0364B602BD6AD9300CACBCC /* FirebaseFirestore */; };
		E0364B632BD6AD9300CACBCC /* FirebaseFirestoreSwift in Frameworks */ = {isa = PBXBuildFile; productRef = E0364B622BD6AD9300CACBCC /* FirebaseFirestoreSwift */; };
		E0364B652BD6D65C00CACBCC /* FirebaseStorage in Frameworks */ = {isa = PBXBuildFile; productRef = E0364B642BD6D65C00CACBCC /* FirebaseStorage */; };
		E0D9E8FF2BD9CE9900F47A18 /* AlertService.swift in Sources */ = {isa = PBXBuildFile; fileRef = E0D9E8FE2BD9CE9900F47A18 /* AlertService.swift */; };
		F41763932BCEFF5600EBB86D /* AppDelegate.swift in Sources */ = {isa = PBXBuildFile; fileRef = F41763922BCEFF5600EBB86D /* AppDelegate.swift */; };
		F41763952BCEFF5600EBB86D /* SceneDelegate.swift in Sources */ = {isa = PBXBuildFile; fileRef = F41763942BCEFF5600EBB86D /* SceneDelegate.swift */; };
		F41763972BCEFF5600EBB86D /* ViewController.swift in Sources */ = {isa = PBXBuildFile; fileRef = F41763962BCEFF5600EBB86D /* ViewController.swift */; };
		F417639C2BCEFF5800EBB86D /* Assets.xcassets in Resources */ = {isa = PBXBuildFile; fileRef = F417639B2BCEFF5800EBB86D /* Assets.xcassets */; };
		F417639F2BCEFF5800EBB86D /* Base in Resources */ = {isa = PBXBuildFile; fileRef = F417639E2BCEFF5800EBB86D /* Base */; };
		F41763A92BCF018700EBB86D /* UIColor Extension.swift in Sources */ = {isa = PBXBuildFile; fileRef = F41763A82BCF018700EBB86D /* UIColor Extension.swift */; };
		F41763AB2BCF2A1100EBB86D /* UILabel Extension.swift in Sources */ = {isa = PBXBuildFile; fileRef = F41763AA2BCF2A1100EBB86D /* UILabel Extension.swift */; };
		F41763AD2BCF2D7500EBB86D /* UIFont Extension.swift in Sources */ = {isa = PBXBuildFile; fileRef = F41763AC2BCF2D7500EBB86D /* UIFont Extension.swift */; };
		F41763B42BCF2EB700EBB86D /* Inter-Bold.ttf in Resources */ = {isa = PBXBuildFile; fileRef = F41763B02BCF2EB700EBB86D /* Inter-Bold.ttf */; };
		F41763B52BCF2EB700EBB86D /* Inter-Medium.ttf in Resources */ = {isa = PBXBuildFile; fileRef = F41763B12BCF2EB700EBB86D /* Inter-Medium.ttf */; };
		F41763B62BCF2EB700EBB86D /* Inter-Regular.ttf in Resources */ = {isa = PBXBuildFile; fileRef = F41763B22BCF2EB700EBB86D /* Inter-Regular.ttf */; };
		F41763B72BCF2EB700EBB86D /* Inter-SemiBold.ttf in Resources */ = {isa = PBXBuildFile; fileRef = F41763B32BCF2EB700EBB86D /* Inter-SemiBold.ttf */; };
		F41763B92BCF2FB300EBB86D /* UIView Extension.swift in Sources */ = {isa = PBXBuildFile; fileRef = F41763B82BCF2FB300EBB86D /* UIView Extension.swift */; };
		F41763BB2BCF306200EBB86D /* UINavigationController Extension.swift in Sources */ = {isa = PBXBuildFile; fileRef = F41763BA2BCF306200EBB86D /* UINavigationController Extension.swift */; };
		F41763BD2BCF30A700EBB86D /* UIViewController Extension.swift in Sources */ = {isa = PBXBuildFile; fileRef = F41763BC2BCF30A700EBB86D /* UIViewController Extension.swift */; };
		F41763BF2BCF32C400EBB86D /* UIButton Extension.swift in Sources */ = {isa = PBXBuildFile; fileRef = F41763BE2BCF32C400EBB86D /* UIButton Extension.swift */; };
		F41763C12BCF3ACF00EBB86D /* UITextField Extension.swift in Sources */ = {isa = PBXBuildFile; fileRef = F41763C02BCF3ACF00EBB86D /* UITextField Extension.swift */; };
		F41763D42BCF477500EBB86D /* ItemCell.swift in Sources */ = {isa = PBXBuildFile; fileRef = F41763D32BCF477500EBB86D /* ItemCell.swift */; };
		F41763E12BCF48D200EBB86D /* HomeVC.swift in Sources */ = {isa = PBXBuildFile; fileRef = F41763E02BCF48D200EBB86D /* HomeVC.swift */; };
		F41763E32BCF492500EBB86D /* WishlistVC.swift in Sources */ = {isa = PBXBuildFile; fileRef = F41763E22BCF492500EBB86D /* WishlistVC.swift */; };
		F41763E52BCF493B00EBB86D /* ManagerVC.swift in Sources */ = {isa = PBXBuildFile; fileRef = F41763E42BCF493B00EBB86D /* ManagerVC.swift */; };
		F41763EB2BCF499900EBB86D /* SearchVC.swift in Sources */ = {isa = PBXBuildFile; fileRef = F41763EA2BCF499900EBB86D /* SearchVC.swift */; };
		F41763EF2BCF49C700EBB86D /* CartVC.swift in Sources */ = {isa = PBXBuildFile; fileRef = F41763EE2BCF49C700EBB86D /* CartVC.swift */; };
		F41763F42BCF4A3200EBB86D /* DetailsVC.swift in Sources */ = {isa = PBXBuildFile; fileRef = F41763F32BCF4A3200EBB86D /* DetailsVC.swift */; };
		F41763F72BCF4A4D00EBB86D /* DetailsModel.swift in Sources */ = {isa = PBXBuildFile; fileRef = F41763F62BCF4A4D00EBB86D /* DetailsModel.swift */; };
		F41763F92BCF4A7100EBB86D /* DetailsPresenter.swift in Sources */ = {isa = PBXBuildFile; fileRef = F41763F82BCF4A7100EBB86D /* DetailsPresenter.swift */; };
		F41763FB2BCF4AD100EBB86D /* CartPresenter.swift in Sources */ = {isa = PBXBuildFile; fileRef = F41763FA2BCF4AD100EBB86D /* CartPresenter.swift */; };
		F41763FD2BCF4AFE00EBB86D /* SearchPresenter.swift in Sources */ = {isa = PBXBuildFile; fileRef = F41763FC2BCF4AFE00EBB86D /* SearchPresenter.swift */; };
		F41763FF2BCF4B2000EBB86D /* ProfilePresenter.swift in Sources */ = {isa = PBXBuildFile; fileRef = F41763FE2BCF4B2000EBB86D /* ProfilePresenter.swift */; };
		F41764012BCF4B3F00EBB86D /* ProfileModel.swift in Sources */ = {isa = PBXBuildFile; fileRef = F41764002BCF4B3F00EBB86D /* ProfileModel.swift */; };
		F41764032BCF4B4D00EBB86D /* ManagerPresenter.swift in Sources */ = {isa = PBXBuildFile; fileRef = F41764022BCF4B4D00EBB86D /* ManagerPresenter.swift */; };
		F41764052BCF4B6C00EBB86D /* WishlistPresenter.swift in Sources */ = {isa = PBXBuildFile; fileRef = F41764042BCF4B6C00EBB86D /* WishlistPresenter.swift */; };
		F41764072BCF4B8900EBB86D /* HomePresenter.swift in Sources */ = {isa = PBXBuildFile; fileRef = F41764062BCF4B8900EBB86D /* HomePresenter.swift */; };
		F41764092BCF4BBE00EBB86D /* OnboardingVC.swift in Sources */ = {isa = PBXBuildFile; fileRef = F41764082BCF4BBE00EBB86D /* OnboardingVC.swift */; };
		F417640B2BCF4BF500EBB86D /* LoginVC.swift in Sources */ = {isa = PBXBuildFile; fileRef = F417640A2BCF4BF500EBB86D /* LoginVC.swift */; };
		F417640D2BCF4C0B00EBB86D /* SignUpVC.swift in Sources */ = {isa = PBXBuildFile; fileRef = F417640C2BCF4C0B00EBB86D /* SignUpVC.swift */; };
		F41764112BCF4C4F00EBB86D /* LoginPresenter.swift in Sources */ = {isa = PBXBuildFile; fileRef = F41764102BCF4C4F00EBB86D /* LoginPresenter.swift */; };
		F420B3A12BD711F80088BA23 /* API.swift in Sources */ = {isa = PBXBuildFile; fileRef = F420B3A02BD711F80088BA23 /* API.swift */; };
		F420B3A32BD712020088BA23 /* Endpoints.swift in Sources */ = {isa = PBXBuildFile; fileRef = F420B3A22BD712020088BA23 /* Endpoints.swift */; };
		F420B3A52BD712100088BA23 /* Networking Structs.swift in Sources */ = {isa = PBXBuildFile; fileRef = F420B3A42BD712100088BA23 /* Networking Structs.swift */; };
		F420B3A72BD712260088BA23 /* Networking Manager.swift in Sources */ = {isa = PBXBuildFile; fileRef = F420B3A62BD712260088BA23 /* Networking Manager.swift */; };
		F426C4012BD54D7F003683DE /* ManagerRouter.swift in Sources */ = {isa = PBXBuildFile; fileRef = F426C4002BD54D7F003683DE /* ManagerRouter.swift */; };
		F426C4032BD54D87003683DE /* ManagerBuilder.swift in Sources */ = {isa = PBXBuildFile; fileRef = F426C4022BD54D87003683DE /* ManagerBuilder.swift */; };
		F426C4072BD54F7D003683DE /* ProfileRouter.swift in Sources */ = {isa = PBXBuildFile; fileRef = F426C4062BD54F7D003683DE /* ProfileRouter.swift */; };
		F426C4092BD54F87003683DE /* ProfileBuilder.swift in Sources */ = {isa = PBXBuildFile; fileRef = F426C4082BD54F87003683DE /* ProfileBuilder.swift */; };
		F426C40C2BD5CF78003683DE /* Section.swift in Sources */ = {isa = PBXBuildFile; fileRef = F426C40A2BD5CF78003683DE /* Section.swift */; };
		F426C40D2BD5CF78003683DE /* Mock.swift in Sources */ = {isa = PBXBuildFile; fileRef = F426C40B2BD5CF78003683DE /* Mock.swift */; };
		F426C4132BD5CF9D003683DE /* HeaderNavBarMenuView.swift in Sources */ = {isa = PBXBuildFile; fileRef = F426C40E2BD5CF9D003683DE /* HeaderNavBarMenuView.swift */; };
		F426C4142BD5CF9D003683DE /* ProductsHeaderView.swift in Sources */ = {isa = PBXBuildFile; fileRef = F426C40F2BD5CF9D003683DE /* ProductsHeaderView.swift */; };
		F426C4152BD5CF9D003683DE /* ProductViewCell.swift in Sources */ = {isa = PBXBuildFile; fileRef = F426C4102BD5CF9D003683DE /* ProductViewCell.swift */; };
		F426C4162BD5CF9D003683DE /* SearchFieldView.swift in Sources */ = {isa = PBXBuildFile; fileRef = F426C4112BD5CF9D003683DE /* SearchFieldView.swift */; };
		F426C4172BD5CF9D003683DE /* CategoryViewCell.swift in Sources */ = {isa = PBXBuildFile; fileRef = F426C4122BD5CF9D003683DE /* CategoryViewCell.swift */; };
		F4900BA12BD046AE009BB675 /* AppFactory.swift in Sources */ = {isa = PBXBuildFile; fileRef = F4900BA02BD046AE009BB675 /* AppFactory.swift */; };
		F4900BA42BD0495C009BB675 /* MainTabBarController.swift in Sources */ = {isa = PBXBuildFile; fileRef = F4900BA32BD0495C009BB675 /* MainTabBarController.swift */; };
		F4900BA62BD04AB7009BB675 /* RootRouter.swift in Sources */ = {isa = PBXBuildFile; fileRef = F4900BA52BD04AB7009BB675 /* RootRouter.swift */; };
		F4900BAA2BD04F7B009BB675 /* HomeRouter.swift in Sources */ = {isa = PBXBuildFile; fileRef = F4900BA92BD04F7B009BB675 /* HomeRouter.swift */; };
		F4900BAC2BD04F83009BB675 /* HomeBuilder.swift in Sources */ = {isa = PBXBuildFile; fileRef = F4900BAB2BD04F83009BB675 /* HomeBuilder.swift */; };
		F4900BB02BD05356009BB675 /* WishlistRouter.swift in Sources */ = {isa = PBXBuildFile; fileRef = F4900BAF2BD05356009BB675 /* WishlistRouter.swift */; };
		F4900BB22BD05379009BB675 /* WishlistBuilder.swift in Sources */ = {isa = PBXBuildFile; fileRef = F4900BB12BD05379009BB675 /* WishlistBuilder.swift */; };
/* End PBXBuildFile section */

/* Begin PBXFileReference section */
		047E0F6D2BD3BDB20096E150 /* PagesView.swift */ = {isa = PBXFileReference; fileEncoding = 4; lastKnownFileType = sourcecode.swift; path = PagesView.swift; sourceTree = "<group>"; };
		047E0F702BD81D160096E150 /* UserDefaultsManager.swift */ = {isa = PBXFileReference; lastKnownFileType = sourcecode.swift; path = UserDefaultsManager.swift; sourceTree = "<group>"; };
		37EF42682BD1B92900AEB339 /* WishCollectionCell.swift */ = {isa = PBXFileReference; lastKnownFileType = sourcecode.swift; path = WishCollectionCell.swift; sourceTree = "<group>"; };
		37EF426B2BD3AAE100AEB339 /* WishListCellModel.swift */ = {isa = PBXFileReference; lastKnownFileType = sourcecode.swift; path = WishListCellModel.swift; sourceTree = "<group>"; };
		37EF426D2BD3AC0100AEB339 /* UISearchBar Extension.swift */ = {isa = PBXFileReference; fileEncoding = 4; lastKnownFileType = sourcecode.swift; path = "UISearchBar Extension.swift"; sourceTree = "<group>"; };
		37EF426F2BD3BC8700AEB339 /* UICollectionView Extension.swift */ = {isa = PBXFileReference; fileEncoding = 4; lastKnownFileType = sourcecode.swift; path = "UICollectionView Extension.swift"; sourceTree = "<group>"; };
		5144524A2BD0EB170093B9D5 /* ProfileVС.swift */ = {isa = PBXFileReference; lastKnownFileType = sourcecode.swift; path = "ProfileVС.swift"; sourceTree = "<group>"; };
		514452502BD10DCB0093B9D5 /* ChangePhotoVC.swift */ = {isa = PBXFileReference; fileEncoding = 4; lastKnownFileType = sourcecode.swift; path = ChangePhotoVC.swift; sourceTree = "<group>"; };
		514452512BD10DCB0093B9D5 /* TermsVC.swift */ = {isa = PBXFileReference; fileEncoding = 4; lastKnownFileType = sourcecode.swift; path = TermsVC.swift; sourceTree = "<group>"; };
		514452542BD140F80093B9D5 /* TermsModel.swift */ = {isa = PBXFileReference; fileEncoding = 4; lastKnownFileType = sourcecode.swift; path = TermsModel.swift; sourceTree = "<group>"; };
		514452582BD23CAD0093B9D5 /* ChangeProfileVC.swift */ = {isa = PBXFileReference; lastKnownFileType = sourcecode.swift; path = ChangeProfileVC.swift; sourceTree = "<group>"; };
		E0364B5B2BD6AD5300CACBCC /* GoogleService-Info.plist */ = {isa = PBXFileReference; fileEncoding = 4; lastKnownFileType = text.plist.xml; path = "GoogleService-Info.plist"; sourceTree = "<group>"; };
		E0D9E8FE2BD9CE9900F47A18 /* AlertService.swift */ = {isa = PBXFileReference; lastKnownFileType = sourcecode.swift; path = AlertService.swift; sourceTree = "<group>"; };
		F417638F2BCEFF5600EBB86D /* iStore.app */ = {isa = PBXFileReference; explicitFileType = wrapper.application; includeInIndex = 0; path = iStore.app; sourceTree = BUILT_PRODUCTS_DIR; };
		F41763922BCEFF5600EBB86D /* AppDelegate.swift */ = {isa = PBXFileReference; lastKnownFileType = sourcecode.swift; path = AppDelegate.swift; sourceTree = "<group>"; };
		F41763942BCEFF5600EBB86D /* SceneDelegate.swift */ = {isa = PBXFileReference; lastKnownFileType = sourcecode.swift; path = SceneDelegate.swift; sourceTree = "<group>"; };
		F41763962BCEFF5600EBB86D /* ViewController.swift */ = {isa = PBXFileReference; lastKnownFileType = sourcecode.swift; path = ViewController.swift; sourceTree = "<group>"; };
		F417639B2BCEFF5800EBB86D /* Assets.xcassets */ = {isa = PBXFileReference; lastKnownFileType = folder.assetcatalog; path = Assets.xcassets; sourceTree = "<group>"; };
		F417639E2BCEFF5800EBB86D /* Base */ = {isa = PBXFileReference; lastKnownFileType = file.storyboard; name = Base; path = Base.lproj/LaunchScreen.storyboard; sourceTree = "<group>"; };
		F41763A02BCEFF5800EBB86D /* Info.plist */ = {isa = PBXFileReference; lastKnownFileType = text.plist.xml; path = Info.plist; sourceTree = "<group>"; };
		F41763A82BCF018700EBB86D /* UIColor Extension.swift */ = {isa = PBXFileReference; lastKnownFileType = sourcecode.swift; path = "UIColor Extension.swift"; sourceTree = "<group>"; };
		F41763AA2BCF2A1100EBB86D /* UILabel Extension.swift */ = {isa = PBXFileReference; lastKnownFileType = sourcecode.swift; path = "UILabel Extension.swift"; sourceTree = "<group>"; };
		F41763AC2BCF2D7500EBB86D /* UIFont Extension.swift */ = {isa = PBXFileReference; lastKnownFileType = sourcecode.swift; path = "UIFont Extension.swift"; sourceTree = "<group>"; };
		F41763B02BCF2EB700EBB86D /* Inter-Bold.ttf */ = {isa = PBXFileReference; lastKnownFileType = file; path = "Inter-Bold.ttf"; sourceTree = "<group>"; };
		F41763B12BCF2EB700EBB86D /* Inter-Medium.ttf */ = {isa = PBXFileReference; lastKnownFileType = file; path = "Inter-Medium.ttf"; sourceTree = "<group>"; };
		F41763B22BCF2EB700EBB86D /* Inter-Regular.ttf */ = {isa = PBXFileReference; lastKnownFileType = file; path = "Inter-Regular.ttf"; sourceTree = "<group>"; };
		F41763B32BCF2EB700EBB86D /* Inter-SemiBold.ttf */ = {isa = PBXFileReference; lastKnownFileType = file; path = "Inter-SemiBold.ttf"; sourceTree = "<group>"; };
		F41763B82BCF2FB300EBB86D /* UIView Extension.swift */ = {isa = PBXFileReference; lastKnownFileType = sourcecode.swift; path = "UIView Extension.swift"; sourceTree = "<group>"; };
		F41763BA2BCF306200EBB86D /* UINavigationController Extension.swift */ = {isa = PBXFileReference; lastKnownFileType = sourcecode.swift; path = "UINavigationController Extension.swift"; sourceTree = "<group>"; };
		F41763BC2BCF30A700EBB86D /* UIViewController Extension.swift */ = {isa = PBXFileReference; lastKnownFileType = sourcecode.swift; path = "UIViewController Extension.swift"; sourceTree = "<group>"; };
		F41763BE2BCF32C400EBB86D /* UIButton Extension.swift */ = {isa = PBXFileReference; lastKnownFileType = sourcecode.swift; path = "UIButton Extension.swift"; sourceTree = "<group>"; };
		F41763C02BCF3ACF00EBB86D /* UITextField Extension.swift */ = {isa = PBXFileReference; lastKnownFileType = sourcecode.swift; path = "UITextField Extension.swift"; sourceTree = "<group>"; };
		F41763D32BCF477500EBB86D /* ItemCell.swift */ = {isa = PBXFileReference; lastKnownFileType = sourcecode.swift; path = ItemCell.swift; sourceTree = "<group>"; };
		F41763E02BCF48D200EBB86D /* HomeVC.swift */ = {isa = PBXFileReference; lastKnownFileType = sourcecode.swift; path = HomeVC.swift; sourceTree = "<group>"; };
		F41763E22BCF492500EBB86D /* WishlistVC.swift */ = {isa = PBXFileReference; lastKnownFileType = sourcecode.swift; path = WishlistVC.swift; sourceTree = "<group>"; };
		F41763E42BCF493B00EBB86D /* ManagerVC.swift */ = {isa = PBXFileReference; lastKnownFileType = sourcecode.swift; path = ManagerVC.swift; sourceTree = "<group>"; };
		F41763EA2BCF499900EBB86D /* SearchVC.swift */ = {isa = PBXFileReference; lastKnownFileType = sourcecode.swift; path = SearchVC.swift; sourceTree = "<group>"; };
		F41763EE2BCF49C700EBB86D /* CartVC.swift */ = {isa = PBXFileReference; lastKnownFileType = sourcecode.swift; path = CartVC.swift; sourceTree = "<group>"; };
		F41763F32BCF4A3200EBB86D /* DetailsVC.swift */ = {isa = PBXFileReference; lastKnownFileType = sourcecode.swift; path = DetailsVC.swift; sourceTree = "<group>"; };
		F41763F62BCF4A4D00EBB86D /* DetailsModel.swift */ = {isa = PBXFileReference; lastKnownFileType = sourcecode.swift; path = DetailsModel.swift; sourceTree = "<group>"; };
		F41763F82BCF4A7100EBB86D /* DetailsPresenter.swift */ = {isa = PBXFileReference; lastKnownFileType = sourcecode.swift; path = DetailsPresenter.swift; sourceTree = "<group>"; };
		F41763FA2BCF4AD100EBB86D /* CartPresenter.swift */ = {isa = PBXFileReference; lastKnownFileType = sourcecode.swift; path = CartPresenter.swift; sourceTree = "<group>"; };
		F41763FC2BCF4AFE00EBB86D /* SearchPresenter.swift */ = {isa = PBXFileReference; lastKnownFileType = sourcecode.swift; path = SearchPresenter.swift; sourceTree = "<group>"; };
		F41763FE2BCF4B2000EBB86D /* ProfilePresenter.swift */ = {isa = PBXFileReference; lastKnownFileType = sourcecode.swift; path = ProfilePresenter.swift; sourceTree = "<group>"; };
		F41764002BCF4B3F00EBB86D /* ProfileModel.swift */ = {isa = PBXFileReference; lastKnownFileType = sourcecode.swift; path = ProfileModel.swift; sourceTree = "<group>"; };
		F41764022BCF4B4D00EBB86D /* ManagerPresenter.swift */ = {isa = PBXFileReference; lastKnownFileType = sourcecode.swift; path = ManagerPresenter.swift; sourceTree = "<group>"; };
		F41764042BCF4B6C00EBB86D /* WishlistPresenter.swift */ = {isa = PBXFileReference; lastKnownFileType = sourcecode.swift; path = WishlistPresenter.swift; sourceTree = "<group>"; };
		F41764062BCF4B8900EBB86D /* HomePresenter.swift */ = {isa = PBXFileReference; lastKnownFileType = sourcecode.swift; path = HomePresenter.swift; sourceTree = "<group>"; };
		F41764082BCF4BBE00EBB86D /* OnboardingVC.swift */ = {isa = PBXFileReference; lastKnownFileType = sourcecode.swift; path = OnboardingVC.swift; sourceTree = "<group>"; };
		F417640A2BCF4BF500EBB86D /* LoginVC.swift */ = {isa = PBXFileReference; lastKnownFileType = sourcecode.swift; path = LoginVC.swift; sourceTree = "<group>"; };
		F417640C2BCF4C0B00EBB86D /* SignUpVC.swift */ = {isa = PBXFileReference; lastKnownFileType = sourcecode.swift; path = SignUpVC.swift; sourceTree = "<group>"; };
		F41764102BCF4C4F00EBB86D /* LoginPresenter.swift */ = {isa = PBXFileReference; lastKnownFileType = sourcecode.swift; path = LoginPresenter.swift; sourceTree = "<group>"; };
		F420B3A02BD711F80088BA23 /* API.swift */ = {isa = PBXFileReference; lastKnownFileType = sourcecode.swift; path = API.swift; sourceTree = "<group>"; };
		F420B3A22BD712020088BA23 /* Endpoints.swift */ = {isa = PBXFileReference; lastKnownFileType = sourcecode.swift; path = Endpoints.swift; sourceTree = "<group>"; };
		F420B3A42BD712100088BA23 /* Networking Structs.swift */ = {isa = PBXFileReference; lastKnownFileType = sourcecode.swift; path = "Networking Structs.swift"; sourceTree = "<group>"; };
		F420B3A62BD712260088BA23 /* Networking Manager.swift */ = {isa = PBXFileReference; lastKnownFileType = sourcecode.swift; path = "Networking Manager.swift"; sourceTree = "<group>"; };
		F426C4002BD54D7F003683DE /* ManagerRouter.swift */ = {isa = PBXFileReference; lastKnownFileType = sourcecode.swift; path = ManagerRouter.swift; sourceTree = "<group>"; };
		F426C4022BD54D87003683DE /* ManagerBuilder.swift */ = {isa = PBXFileReference; lastKnownFileType = sourcecode.swift; path = ManagerBuilder.swift; sourceTree = "<group>"; };
		F426C4062BD54F7D003683DE /* ProfileRouter.swift */ = {isa = PBXFileReference; lastKnownFileType = sourcecode.swift; path = ProfileRouter.swift; sourceTree = "<group>"; };
		F426C4082BD54F87003683DE /* ProfileBuilder.swift */ = {isa = PBXFileReference; lastKnownFileType = sourcecode.swift; path = ProfileBuilder.swift; sourceTree = "<group>"; };
		F426C40A2BD5CF78003683DE /* Section.swift */ = {isa = PBXFileReference; fileEncoding = 4; lastKnownFileType = sourcecode.swift; path = Section.swift; sourceTree = "<group>"; };
		F426C40B2BD5CF78003683DE /* Mock.swift */ = {isa = PBXFileReference; fileEncoding = 4; lastKnownFileType = sourcecode.swift; path = Mock.swift; sourceTree = "<group>"; };
		F426C40E2BD5CF9D003683DE /* HeaderNavBarMenuView.swift */ = {isa = PBXFileReference; fileEncoding = 4; lastKnownFileType = sourcecode.swift; path = HeaderNavBarMenuView.swift; sourceTree = "<group>"; };
		F426C40F2BD5CF9D003683DE /* ProductsHeaderView.swift */ = {isa = PBXFileReference; fileEncoding = 4; lastKnownFileType = sourcecode.swift; path = ProductsHeaderView.swift; sourceTree = "<group>"; };
		F426C4102BD5CF9D003683DE /* ProductViewCell.swift */ = {isa = PBXFileReference; fileEncoding = 4; lastKnownFileType = sourcecode.swift; path = ProductViewCell.swift; sourceTree = "<group>"; };
		F426C4112BD5CF9D003683DE /* SearchFieldView.swift */ = {isa = PBXFileReference; fileEncoding = 4; lastKnownFileType = sourcecode.swift; path = SearchFieldView.swift; sourceTree = "<group>"; };
		F426C4122BD5CF9D003683DE /* CategoryViewCell.swift */ = {isa = PBXFileReference; fileEncoding = 4; lastKnownFileType = sourcecode.swift; path = CategoryViewCell.swift; sourceTree = "<group>"; };
		F4900BA02BD046AE009BB675 /* AppFactory.swift */ = {isa = PBXFileReference; lastKnownFileType = sourcecode.swift; path = AppFactory.swift; sourceTree = "<group>"; };
		F4900BA32BD0495C009BB675 /* MainTabBarController.swift */ = {isa = PBXFileReference; lastKnownFileType = sourcecode.swift; path = MainTabBarController.swift; sourceTree = "<group>"; };
		F4900BA52BD04AB7009BB675 /* RootRouter.swift */ = {isa = PBXFileReference; lastKnownFileType = sourcecode.swift; path = RootRouter.swift; sourceTree = "<group>"; };
		F4900BA92BD04F7B009BB675 /* HomeRouter.swift */ = {isa = PBXFileReference; lastKnownFileType = sourcecode.swift; path = HomeRouter.swift; sourceTree = "<group>"; };
		F4900BAB2BD04F83009BB675 /* HomeBuilder.swift */ = {isa = PBXFileReference; lastKnownFileType = sourcecode.swift; path = HomeBuilder.swift; sourceTree = "<group>"; };
		F4900BAF2BD05356009BB675 /* WishlistRouter.swift */ = {isa = PBXFileReference; lastKnownFileType = sourcecode.swift; path = WishlistRouter.swift; sourceTree = "<group>"; };
		F4900BB12BD05379009BB675 /* WishlistBuilder.swift */ = {isa = PBXFileReference; lastKnownFileType = sourcecode.swift; path = WishlistBuilder.swift; sourceTree = "<group>"; };
/* End PBXFileReference section */

/* Begin PBXFrameworksBuildPhase section */
		F417638C2BCEFF5600EBB86D /* Frameworks */ = {
			isa = PBXFrameworksBuildPhase;
			buildActionMask = 2147483647;
			files = (
				E0364B5F2BD6AD9300CACBCC /* FirebaseAuth in Frameworks */,
				E0364B652BD6D65C00CACBCC /* FirebaseStorage in Frameworks */,
				E0364B612BD6AD9300CACBCC /* FirebaseFirestore in Frameworks */,
				E0364B632BD6AD9300CACBCC /* FirebaseFirestoreSwift in Frameworks */,
			);
			runOnlyForDeploymentPostprocessing = 0;
		};
/* End PBXFrameworksBuildPhase section */

/* Begin PBXGroup section */
		047E0F6F2BD81CF70096E150 /* UserDefaults */ = {
			isa = PBXGroup;
			children = (
				047E0F702BD81D160096E150 /* UserDefaultsManager.swift */,
			);
			path = UserDefaults;
			sourceTree = "<group>";
		};
		37EF426A2BD3AABF00AEB339 /* Model */ = {
			isa = PBXGroup;
			children = (
				37EF426B2BD3AAE100AEB339 /* WishListCellModel.swift */,
			);
			path = Model;
			sourceTree = "<group>";
		};
		F41763862BCEFF5600EBB86D = {
			isa = PBXGroup;
			children = (
				F41763912BCEFF5600EBB86D /* iStore */,
				F41763902BCEFF5600EBB86D /* Products */,
			);
			sourceTree = "<group>";
		};
		F41763902BCEFF5600EBB86D /* Products */ = {
			isa = PBXGroup;
			children = (
				F417638F2BCEFF5600EBB86D /* iStore.app */,
			);
			name = Products;
			sourceTree = "<group>";
		};
		F41763912BCEFF5600EBB86D /* iStore */ = {
			isa = PBXGroup;
			children = (
				E0364B5B2BD6AD5300CACBCC /* GoogleService-Info.plist */,
				F41763A62BCF015400EBB86D /* Application */,
				F4900B9F2BD04657009BB675 /* Components */,
				F420B39E2BD711C00088BA23 /* Services */,
				F41763D12BCF475E00EBB86D /* Model */,
				F41763C22BCF467D00EBB86D /* Moduls */,
				F41763A72BCF016300EBB86D /* Extensions */,
				F41763AE2BCF2E6A00EBB86D /* Resources */,
				F417639B2BCEFF5800EBB86D /* Assets.xcassets */,
				F417639D2BCEFF5800EBB86D /* LaunchScreen.storyboard */,
				F41763A02BCEFF5800EBB86D /* Info.plist */,
			);
			path = iStore;
			sourceTree = "<group>";
		};
		F41763A62BCF015400EBB86D /* Application */ = {
			isa = PBXGroup;
			children = (
				F41763922BCEFF5600EBB86D /* AppDelegate.swift */,
				F41763942BCEFF5600EBB86D /* SceneDelegate.swift */,
				F41763962BCEFF5600EBB86D /* ViewController.swift */,
			);
			path = Application;
			sourceTree = "<group>";
		};
		F41763A72BCF016300EBB86D /* Extensions */ = {
			isa = PBXGroup;
			children = (
				37EF426F2BD3BC8700AEB339 /* UICollectionView Extension.swift */,
				37EF426D2BD3AC0100AEB339 /* UISearchBar Extension.swift */,
				F41763A82BCF018700EBB86D /* UIColor Extension.swift */,
				F41763AA2BCF2A1100EBB86D /* UILabel Extension.swift */,
				F41763AC2BCF2D7500EBB86D /* UIFont Extension.swift */,
				F41763B82BCF2FB300EBB86D /* UIView Extension.swift */,
				E0D9E8FE2BD9CE9900F47A18 /* AlertService.swift */,
				F41763BA2BCF306200EBB86D /* UINavigationController Extension.swift */,
				F41763BC2BCF30A700EBB86D /* UIViewController Extension.swift */,
				F41763BE2BCF32C400EBB86D /* UIButton Extension.swift */,
				F41763C02BCF3ACF00EBB86D /* UITextField Extension.swift */,
			);
			path = Extensions;
			sourceTree = "<group>";
		};
		F41763AE2BCF2E6A00EBB86D /* Resources */ = {
			isa = PBXGroup;
			children = (
				F41763AF2BCF2E9500EBB86D /* Fonts */,
			);
			path = Resources;
			sourceTree = "<group>";
		};
		F41763AF2BCF2E9500EBB86D /* Fonts */ = {
			isa = PBXGroup;
			children = (
				F41763B02BCF2EB700EBB86D /* Inter-Bold.ttf */,
				F41763B12BCF2EB700EBB86D /* Inter-Medium.ttf */,
				F41763B22BCF2EB700EBB86D /* Inter-Regular.ttf */,
				F41763B32BCF2EB700EBB86D /* Inter-SemiBold.ttf */,
			);
			path = Fonts;
			sourceTree = "<group>";
		};
		F41763C22BCF467D00EBB86D /* Moduls */ = {
			isa = PBXGroup;
			children = (
				F4900BA22BD0494A009BB675 /* Tabbar */,
				F41763C72BCF46AD00EBB86D /* Tabbar Moduls */,
				F41763C82BCF46C000EBB86D /* Secondary Moduls */,
			);
			path = Moduls;
			sourceTree = "<group>";
		};
		F41763C32BCF469000EBB86D /* Profile */ = {
			isa = PBXGroup;
			children = (
				F426C4052BD54F6E003683DE /* Module Builder */,
				F426C4042BD54F6B003683DE /* Router */,
				F41763DD2BCF47CE00EBB86D /* Model */,
				F41763DC2BCF47CA00EBB86D /* View */,
				F41763DB2BCF47C500EBB86D /* Presenter */,
			);
			path = Profile;
			sourceTree = "<group>";
		};
		F41763C42BCF469B00EBB86D /* Manager */ = {
			isa = PBXGroup;
			children = (
				F426C3FF2BD54D6C003683DE /* Module Builder */,
				F426C3FE2BD54D68003683DE /* Router */,
				F41763D92BCF47BC00EBB86D /* View */,
				F41763D82BCF47B700EBB86D /* Presenter */,
			);
			path = Manager;
			sourceTree = "<group>";
		};
		F41763C52BCF469F00EBB86D /* Wishlist */ = {
			isa = PBXGroup;
			children = (
				37EF426A2BD3AABF00AEB339 /* Model */,
				F4900BAE2BD05346009BB675 /* Module Builder */,
				F4900BAD2BD05343009BB675 /* Router */,
				F41763D62BCF47AF00EBB86D /* View */,
				F41763D52BCF47A900EBB86D /* Presenter */,
			);
			path = Wishlist;
			sourceTree = "<group>";
		};
		F41763C62BCF46A900EBB86D /* Home */ = {
			isa = PBXGroup;
			children = (
				F4900BA72BD04F3B009BB675 /* Module Builder */,
				F4900BA82BD04F69009BB675 /* Router */,
				F41763D02BCF475400EBB86D /* Model */,
				F41763CF2BCF474E00EBB86D /* View */,
				F41763CE2BCF474500EBB86D /* Presenter */,
			);
			path = Home;
			sourceTree = "<group>";
		};
		F41763C72BCF46AD00EBB86D /* Tabbar Moduls */ = {
			isa = PBXGroup;
			children = (
				F41763C62BCF46A900EBB86D /* Home */,
				F41763C52BCF469F00EBB86D /* Wishlist */,
				F41763C42BCF469B00EBB86D /* Manager */,
				F41763C32BCF469000EBB86D /* Profile */,
			);
			path = "Tabbar Moduls";
			sourceTree = "<group>";
		};
		F41763C82BCF46C000EBB86D /* Secondary Moduls */ = {
			isa = PBXGroup;
			children = (
				F41763CB2BCF46F700EBB86D /* Onboarding */,
				F41763CC2BCF470100EBB86D /* Login */,
				F41763CD2BCF470E00EBB86D /* Cart */,
				F41763C92BCF46E200EBB86D /* Search */,
				F41763CA2BCF46E600EBB86D /* Details */,
			);
			path = "Secondary Moduls";
			sourceTree = "<group>";
		};
		F41763C92BCF46E200EBB86D /* Search */ = {
			isa = PBXGroup;
			children = (
				F41763E92BCF499000EBB86D /* View */,
				F41763E82BCF498A00EBB86D /* Presenter */,
			);
			path = Search;
			sourceTree = "<group>";
		};
		F41763CA2BCF46E600EBB86D /* Details */ = {
			isa = PBXGroup;
			children = (
				F41763F52BCF4A4100EBB86D /* Model */,
				F41763F22BCF4A2900EBB86D /* View */,
				F41763F12BCF4A2400EBB86D /* Presenter */,
			);
			path = Details;
			sourceTree = "<group>";
		};
		F41763CB2BCF46F700EBB86D /* Onboarding */ = {
			isa = PBXGroup;
			children = (
				F41764082BCF4BBE00EBB86D /* OnboardingVC.swift */,
				047E0F6D2BD3BDB20096E150 /* PagesView.swift */,
			);
			path = Onboarding;
			sourceTree = "<group>";
		};
		F41763CC2BCF470100EBB86D /* Login */ = {
			isa = PBXGroup;
			children = (
				F417640E2BCF4C2600EBB86D /* View */,
				F417640F2BCF4C3100EBB86D /* Presenter */,
			);
			path = Login;
			sourceTree = "<group>";
		};
		F41763CD2BCF470E00EBB86D /* Cart */ = {
			isa = PBXGroup;
			children = (
				F41763ED2BCF49BF00EBB86D /* View */,
				F41763EC2BCF49BB00EBB86D /* Presenter */,
			);
			path = Cart;
			sourceTree = "<group>";
		};
		F41763CE2BCF474500EBB86D /* Presenter */ = {
			isa = PBXGroup;
			children = (
				F41764062BCF4B8900EBB86D /* HomePresenter.swift */,
			);
			path = Presenter;
			sourceTree = "<group>";
		};
		F41763CF2BCF474E00EBB86D /* View */ = {
			isa = PBXGroup;
			children = (
				F426C4122BD5CF9D003683DE /* CategoryViewCell.swift */,
				F426C40E2BD5CF9D003683DE /* HeaderNavBarMenuView.swift */,
				F426C40F2BD5CF9D003683DE /* ProductsHeaderView.swift */,
				F426C4102BD5CF9D003683DE /* ProductViewCell.swift */,
				F426C4112BD5CF9D003683DE /* SearchFieldView.swift */,
				F41763E02BCF48D200EBB86D /* HomeVC.swift */,
			);
			path = View;
			sourceTree = "<group>";
		};
		F41763D02BCF475400EBB86D /* Model */ = {
			isa = PBXGroup;
			children = (
				F426C40B2BD5CF78003683DE /* Mock.swift */,
				F426C40A2BD5CF78003683DE /* Section.swift */,
			);
			path = Model;
			sourceTree = "<group>";
		};
		F41763D12BCF475E00EBB86D /* Model */ = {
			isa = PBXGroup;
			children = (
				F41763D22BCF476400EBB86D /* Cells */,
			);
			path = Model;
			sourceTree = "<group>";
		};
		F41763D22BCF476400EBB86D /* Cells */ = {
			isa = PBXGroup;
			children = (
				F41763D32BCF477500EBB86D /* ItemCell.swift */,
			);
			path = Cells;
			sourceTree = "<group>";
		};
		F41763D52BCF47A900EBB86D /* Presenter */ = {
			isa = PBXGroup;
			children = (
				F41764042BCF4B6C00EBB86D /* WishlistPresenter.swift */,
			);
			path = Presenter;
			sourceTree = "<group>";
		};
		F41763D62BCF47AF00EBB86D /* View */ = {
			isa = PBXGroup;
			children = (
				F41763E22BCF492500EBB86D /* WishlistVC.swift */,
				37EF42682BD1B92900AEB339 /* WishCollectionCell.swift */,
			);
			path = View;
			sourceTree = "<group>";
		};
		F41763D82BCF47B700EBB86D /* Presenter */ = {
			isa = PBXGroup;
			children = (
				F41764022BCF4B4D00EBB86D /* ManagerPresenter.swift */,
			);
			path = Presenter;
			sourceTree = "<group>";
		};
		F41763D92BCF47BC00EBB86D /* View */ = {
			isa = PBXGroup;
			children = (
				F41763E42BCF493B00EBB86D /* ManagerVC.swift */,
			);
			path = View;
			sourceTree = "<group>";
		};
		F41763DB2BCF47C500EBB86D /* Presenter */ = {
			isa = PBXGroup;
			children = (
				F41763FE2BCF4B2000EBB86D /* ProfilePresenter.swift */,
			);
			path = Presenter;
			sourceTree = "<group>";
		};
		F41763DC2BCF47CA00EBB86D /* View */ = {
			isa = PBXGroup;
			children = (
				5144524A2BD0EB170093B9D5 /* ProfileVС.swift */,
				514452502BD10DCB0093B9D5 /* ChangePhotoVC.swift */,
				514452582BD23CAD0093B9D5 /* ChangeProfileVC.swift */,
				514452512BD10DCB0093B9D5 /* TermsVC.swift */,
			);
			path = View;
			sourceTree = "<group>";
		};
		F41763DD2BCF47CE00EBB86D /* Model */ = {
			isa = PBXGroup;
			children = (
				F41764002BCF4B3F00EBB86D /* ProfileModel.swift */,
				514452542BD140F80093B9D5 /* TermsModel.swift */,
			);
			path = Model;
			sourceTree = "<group>";
		};
		F41763E82BCF498A00EBB86D /* Presenter */ = {
			isa = PBXGroup;
			children = (
				F41763FC2BCF4AFE00EBB86D /* SearchPresenter.swift */,
			);
			path = Presenter;
			sourceTree = "<group>";
		};
		F41763E92BCF499000EBB86D /* View */ = {
			isa = PBXGroup;
			children = (
				F41763EA2BCF499900EBB86D /* SearchVC.swift */,
			);
			path = View;
			sourceTree = "<group>";
		};
		F41763EC2BCF49BB00EBB86D /* Presenter */ = {
			isa = PBXGroup;
			children = (
				F41763FA2BCF4AD100EBB86D /* CartPresenter.swift */,
			);
			path = Presenter;
			sourceTree = "<group>";
		};
		F41763ED2BCF49BF00EBB86D /* View */ = {
			isa = PBXGroup;
			children = (
				F41763EE2BCF49C700EBB86D /* CartVC.swift */,
			);
			path = View;
			sourceTree = "<group>";
		};
		F41763F12BCF4A2400EBB86D /* Presenter */ = {
			isa = PBXGroup;
			children = (
				F41763F82BCF4A7100EBB86D /* DetailsPresenter.swift */,
			);
			path = Presenter;
			sourceTree = "<group>";
		};
		F41763F22BCF4A2900EBB86D /* View */ = {
			isa = PBXGroup;
			children = (
				F41763F32BCF4A3200EBB86D /* DetailsVC.swift */,
			);
			path = View;
			sourceTree = "<group>";
		};
		F41763F52BCF4A4100EBB86D /* Model */ = {
			isa = PBXGroup;
			children = (
				F41763F62BCF4A4D00EBB86D /* DetailsModel.swift */,
			);
			path = Model;
			sourceTree = "<group>";
		};
		F417640E2BCF4C2600EBB86D /* View */ = {
			isa = PBXGroup;
			children = (
				F417640A2BCF4BF500EBB86D /* LoginVC.swift */,
				F417640C2BCF4C0B00EBB86D /* SignUpVC.swift */,
			);
			path = View;
			sourceTree = "<group>";
		};
		F417640F2BCF4C3100EBB86D /* Presenter */ = {
			isa = PBXGroup;
			children = (
				F41764102BCF4C4F00EBB86D /* LoginPresenter.swift */,
			);
			path = Presenter;
			sourceTree = "<group>";
		};
		F420B39E2BD711C00088BA23 /* Services */ = {
			isa = PBXGroup;
			children = (
				047E0F6F2BD81CF70096E150 /* UserDefaults */,
				F420B39F2BD711E20088BA23 /* Network */,
			);
			path = Services;
			sourceTree = "<group>";
		};
		F420B39F2BD711E20088BA23 /* Network */ = {
			isa = PBXGroup;
			children = (
				F420B3A02BD711F80088BA23 /* API.swift */,
				F420B3A22BD712020088BA23 /* Endpoints.swift */,
				F420B3A42BD712100088BA23 /* Networking Structs.swift */,
				F420B3A62BD712260088BA23 /* Networking Manager.swift */,
			);
			path = Network;
			sourceTree = "<group>";
		};
		F426C3FE2BD54D68003683DE /* Router */ = {
			isa = PBXGroup;
			children = (
				F426C4002BD54D7F003683DE /* ManagerRouter.swift */,
			);
			path = Router;
			sourceTree = "<group>";
		};
		F426C3FF2BD54D6C003683DE /* Module Builder */ = {
			isa = PBXGroup;
			children = (
				F426C4022BD54D87003683DE /* ManagerBuilder.swift */,
			);
			path = "Module Builder";
			sourceTree = "<group>";
		};
		F426C4042BD54F6B003683DE /* Router */ = {
			isa = PBXGroup;
			children = (
				F426C4062BD54F7D003683DE /* ProfileRouter.swift */,
			);
			path = Router;
			sourceTree = "<group>";
		};
		F426C4052BD54F6E003683DE /* Module Builder */ = {
			isa = PBXGroup;
			children = (
				F426C4082BD54F87003683DE /* ProfileBuilder.swift */,
			);
			path = "Module Builder";
			sourceTree = "<group>";
		};
		F4900B9F2BD04657009BB675 /* Components */ = {
			isa = PBXGroup;
			children = (
				F4900BA02BD046AE009BB675 /* AppFactory.swift */,
				F4900BA52BD04AB7009BB675 /* RootRouter.swift */,
			);
			path = Components;
			sourceTree = "<group>";
		};
		F4900BA22BD0494A009BB675 /* Tabbar */ = {
			isa = PBXGroup;
			children = (
				F4900BA32BD0495C009BB675 /* MainTabBarController.swift */,
			);
			path = Tabbar;
			sourceTree = "<group>";
		};
		F4900BA72BD04F3B009BB675 /* Module Builder */ = {
			isa = PBXGroup;
			children = (
				F4900BAB2BD04F83009BB675 /* HomeBuilder.swift */,
			);
			path = "Module Builder";
			sourceTree = "<group>";
		};
		F4900BA82BD04F69009BB675 /* Router */ = {
			isa = PBXGroup;
			children = (
				F4900BA92BD04F7B009BB675 /* HomeRouter.swift */,
			);
			path = Router;
			sourceTree = "<group>";
		};
		F4900BAD2BD05343009BB675 /* Router */ = {
			isa = PBXGroup;
			children = (
				F4900BAF2BD05356009BB675 /* WishlistRouter.swift */,
			);
			path = Router;
			sourceTree = "<group>";
		};
		F4900BAE2BD05346009BB675 /* Module Builder */ = {
			isa = PBXGroup;
			children = (
				F4900BB12BD05379009BB675 /* WishlistBuilder.swift */,
			);
			path = "Module Builder";
			sourceTree = "<group>";
		};
/* End PBXGroup section */

/* Begin PBXNativeTarget section */
		F417638E2BCEFF5600EBB86D /* iStore */ = {
			isa = PBXNativeTarget;
			buildConfigurationList = F41763A32BCEFF5800EBB86D /* Build configuration list for PBXNativeTarget "iStore" */;
			buildPhases = (
				F417638B2BCEFF5600EBB86D /* Sources */,
				F417638C2BCEFF5600EBB86D /* Frameworks */,
				F417638D2BCEFF5600EBB86D /* Resources */,
			);
			buildRules = (
			);
			dependencies = (
			);
			name = iStore;
			packageProductDependencies = (
				E0364B5E2BD6AD9300CACBCC /* FirebaseAuth */,
				E0364B602BD6AD9300CACBCC /* FirebaseFirestore */,
				E0364B622BD6AD9300CACBCC /* FirebaseFirestoreSwift */,
				E0364B642BD6D65C00CACBCC /* FirebaseStorage */,
			);
			productName = iStore;
			productReference = F417638F2BCEFF5600EBB86D /* iStore.app */;
			productType = "com.apple.product-type.application";
		};
/* End PBXNativeTarget section */

/* Begin PBXProject section */
		F41763872BCEFF5600EBB86D /* Project object */ = {
			isa = PBXProject;
			attributes = {
				BuildIndependentTargetsInParallel = 1;
				LastSwiftUpdateCheck = 1530;
				LastUpgradeCheck = 1530;
				TargetAttributes = {
					F417638E2BCEFF5600EBB86D = {
						CreatedOnToolsVersion = 15.3;
					};
				};
			};
			buildConfigurationList = F417638A2BCEFF5600EBB86D /* Build configuration list for PBXProject "iStore" */;
			compatibilityVersion = "Xcode 14.0";
			developmentRegion = en;
			hasScannedForEncodings = 0;
			knownRegions = (
				en,
				Base,
			);
			mainGroup = F41763862BCEFF5600EBB86D;
			packageReferences = (
				E0364B5D2BD6AD9300CACBCC /* XCRemoteSwiftPackageReference "firebase-ios-sdk" */,
			);
			productRefGroup = F41763902BCEFF5600EBB86D /* Products */;
			projectDirPath = "";
			projectRoot = "";
			targets = (
				F417638E2BCEFF5600EBB86D /* iStore */,
			);
		};
/* End PBXProject section */

/* Begin PBXResourcesBuildPhase section */
		F417638D2BCEFF5600EBB86D /* Resources */ = {
			isa = PBXResourcesBuildPhase;
			buildActionMask = 2147483647;
			files = (
				F41763B72BCF2EB700EBB86D /* Inter-SemiBold.ttf in Resources */,
				F41763B52BCF2EB700EBB86D /* Inter-Medium.ttf in Resources */,
				F41763B62BCF2EB700EBB86D /* Inter-Regular.ttf in Resources */,
				F41763B42BCF2EB700EBB86D /* Inter-Bold.ttf in Resources */,
				F417639C2BCEFF5800EBB86D /* Assets.xcassets in Resources */,
				F417639F2BCEFF5800EBB86D /* Base in Resources */,
				E0364B5C2BD6AD5300CACBCC /* GoogleService-Info.plist in Resources */,
			);
			runOnlyForDeploymentPostprocessing = 0;
		};
/* End PBXResourcesBuildPhase section */

/* Begin PBXSourcesBuildPhase section */
		F417638B2BCEFF5600EBB86D /* Sources */ = {
			isa = PBXSourcesBuildPhase;
			buildActionMask = 2147483647;
			files = (
				F417640B2BCF4BF500EBB86D /* LoginVC.swift in Sources */,
				F426C4172BD5CF9D003683DE /* CategoryViewCell.swift in Sources */,
				F426C4132BD5CF9D003683DE /* HeaderNavBarMenuView.swift in Sources */,
				F41763E12BCF48D200EBB86D /* HomeVC.swift in Sources */,
				047E0F6E2BD3BDB20096E150 /* PagesView.swift in Sources */,
				514452552BD140F90093B9D5 /* TermsModel.swift in Sources */,
				047E0F712BD81D160096E150 /* UserDefaultsManager.swift in Sources */,
				F426C4092BD54F87003683DE /* ProfileBuilder.swift in Sources */,
				F4900BB02BD05356009BB675 /* WishlistRouter.swift in Sources */,
				F41763BB2BCF306200EBB86D /* UINavigationController Extension.swift in Sources */,
				F426C4032BD54D87003683DE /* ManagerBuilder.swift in Sources */,
				F4900BA62BD04AB7009BB675 /* RootRouter.swift in Sources */,
				F4900BB22BD05379009BB675 /* WishlistBuilder.swift in Sources */,
				F426C4072BD54F7D003683DE /* ProfileRouter.swift in Sources */,
				F41763C12BCF3ACF00EBB86D /* UITextField Extension.swift in Sources */,
				F420B3A32BD712020088BA23 /* Endpoints.swift in Sources */,
				514452522BD10DCB0093B9D5 /* ChangePhotoVC.swift in Sources */,
				F4900BAC2BD04F83009BB675 /* HomeBuilder.swift in Sources */,
				F426C4162BD5CF9D003683DE /* SearchFieldView.swift in Sources */,
				F4900BAA2BD04F7B009BB675 /* HomeRouter.swift in Sources */,
				F41764072BCF4B8900EBB86D /* HomePresenter.swift in Sources */,
				F420B3A72BD712260088BA23 /* Networking Manager.swift in Sources */,
				F41763F72BCF4A4D00EBB86D /* DetailsModel.swift in Sources */,
				F4900BA12BD046AE009BB675 /* AppFactory.swift in Sources */,
				F426C4142BD5CF9D003683DE /* ProductsHeaderView.swift in Sources */,
				F426C4152BD5CF9D003683DE /* ProductViewCell.swift in Sources */,
				F41763F92BCF4A7100EBB86D /* DetailsPresenter.swift in Sources */,
				F41764092BCF4BBE00EBB86D /* OnboardingVC.swift in Sources */,
				F41763FB2BCF4AD100EBB86D /* CartPresenter.swift in Sources */,
				F41763AB2BCF2A1100EBB86D /* UILabel Extension.swift in Sources */,
				514452532BD10DCB0093B9D5 /* TermsVC.swift in Sources */,
				F41763BF2BCF32C400EBB86D /* UIButton Extension.swift in Sources */,
				37EF426E2BD3AC0100AEB339 /* UISearchBar Extension.swift in Sources */,
				37EF426C2BD3AAE100AEB339 /* WishListCellModel.swift in Sources */,
				F41763EF2BCF49C700EBB86D /* CartVC.swift in Sources */,
				F41763AD2BCF2D7500EBB86D /* UIFont Extension.swift in Sources */,
				F41763B92BCF2FB300EBB86D /* UIView Extension.swift in Sources */,
				F420B3A12BD711F80088BA23 /* API.swift in Sources */,
				F41764112BCF4C4F00EBB86D /* LoginPresenter.swift in Sources */,
				F4900BA42BD0495C009BB675 /* MainTabBarController.swift in Sources */,
				F41763F42BCF4A3200EBB86D /* DetailsVC.swift in Sources */,
				F41764052BCF4B6C00EBB86D /* WishlistPresenter.swift in Sources */,
				F41764032BCF4B4D00EBB86D /* ManagerPresenter.swift in Sources */,
				F41764012BCF4B3F00EBB86D /* ProfileModel.swift in Sources */,
				F426C40D2BD5CF78003683DE /* Mock.swift in Sources */,
				37EF42702BD3BC8700AEB339 /* UICollectionView Extension.swift in Sources */,
				F41763E32BCF492500EBB86D /* WishlistVC.swift in Sources */,
				F41763FD2BCF4AFE00EBB86D /* SearchPresenter.swift in Sources */,
				F41763A92BCF018700EBB86D /* UIColor Extension.swift in Sources */,
				F41763972BCEFF5600EBB86D /* ViewController.swift in Sources */,
				5144524B2BD0EB170093B9D5 /* ProfileVС.swift in Sources */,
				F41763D42BCF477500EBB86D /* ItemCell.swift in Sources */,
				37EF42692BD1B92900AEB339 /* WishCollectionCell.swift in Sources */,
				F426C40C2BD5CF78003683DE /* Section.swift in Sources */,
				F417640D2BCF4C0B00EBB86D /* SignUpVC.swift in Sources */,
				F41763FF2BCF4B2000EBB86D /* ProfilePresenter.swift in Sources */,
				F41763EB2BCF499900EBB86D /* SearchVC.swift in Sources */,
				F426C4012BD54D7F003683DE /* ManagerRouter.swift in Sources */,
				F41763932BCEFF5600EBB86D /* AppDelegate.swift in Sources */,
				F41763BD2BCF30A700EBB86D /* UIViewController Extension.swift in Sources */,
				F420B3A52BD712100088BA23 /* Networking Structs.swift in Sources */,
				F41763E52BCF493B00EBB86D /* ManagerVC.swift in Sources */,
				514452592BD23CAE0093B9D5 /* ChangeProfileVC.swift in Sources */,
				E0D9E8FF2BD9CE9900F47A18 /* AlertService.swift in Sources */,
				F41763952BCEFF5600EBB86D /* SceneDelegate.swift in Sources */,
			);
			runOnlyForDeploymentPostprocessing = 0;
		};
/* End PBXSourcesBuildPhase section */

/* Begin PBXVariantGroup section */
		F417639D2BCEFF5800EBB86D /* LaunchScreen.storyboard */ = {
			isa = PBXVariantGroup;
			children = (
				F417639E2BCEFF5800EBB86D /* Base */,
			);
			name = LaunchScreen.storyboard;
			sourceTree = "<group>";
		};
/* End PBXVariantGroup section */

/* Begin XCBuildConfiguration section */
		F41763A12BCEFF5800EBB86D /* Debug */ = {
			isa = XCBuildConfiguration;
			buildSettings = {
				ALWAYS_SEARCH_USER_PATHS = NO;
				ASSETCATALOG_COMPILER_GENERATE_SWIFT_ASSET_SYMBOL_EXTENSIONS = YES;
				CLANG_ANALYZER_NONNULL = YES;
				CLANG_ANALYZER_NUMBER_OBJECT_CONVERSION = YES_AGGRESSIVE;
				CLANG_CXX_LANGUAGE_STANDARD = "gnu++20";
				CLANG_ENABLE_MODULES = YES;
				CLANG_ENABLE_OBJC_ARC = YES;
				CLANG_ENABLE_OBJC_WEAK = YES;
				CLANG_WARN_BLOCK_CAPTURE_AUTORELEASING = YES;
				CLANG_WARN_BOOL_CONVERSION = YES;
				CLANG_WARN_COMMA = YES;
				CLANG_WARN_CONSTANT_CONVERSION = YES;
				CLANG_WARN_DEPRECATED_OBJC_IMPLEMENTATIONS = YES;
				CLANG_WARN_DIRECT_OBJC_ISA_USAGE = YES_ERROR;
				CLANG_WARN_DOCUMENTATION_COMMENTS = YES;
				CLANG_WARN_EMPTY_BODY = YES;
				CLANG_WARN_ENUM_CONVERSION = YES;
				CLANG_WARN_INFINITE_RECURSION = YES;
				CLANG_WARN_INT_CONVERSION = YES;
				CLANG_WARN_NON_LITERAL_NULL_CONVERSION = YES;
				CLANG_WARN_OBJC_IMPLICIT_RETAIN_SELF = YES;
				CLANG_WARN_OBJC_LITERAL_CONVERSION = YES;
				CLANG_WARN_OBJC_ROOT_CLASS = YES_ERROR;
				CLANG_WARN_QUOTED_INCLUDE_IN_FRAMEWORK_HEADER = YES;
				CLANG_WARN_RANGE_LOOP_ANALYSIS = YES;
				CLANG_WARN_STRICT_PROTOTYPES = YES;
				CLANG_WARN_SUSPICIOUS_MOVE = YES;
				CLANG_WARN_UNGUARDED_AVAILABILITY = YES_AGGRESSIVE;
				CLANG_WARN_UNREACHABLE_CODE = YES;
				CLANG_WARN__DUPLICATE_METHOD_MATCH = YES;
				COPY_PHASE_STRIP = NO;
				DEBUG_INFORMATION_FORMAT = dwarf;
				ENABLE_STRICT_OBJC_MSGSEND = YES;
				ENABLE_TESTABILITY = YES;
				ENABLE_USER_SCRIPT_SANDBOXING = YES;
				GCC_C_LANGUAGE_STANDARD = gnu17;
				GCC_DYNAMIC_NO_PIC = NO;
				GCC_NO_COMMON_BLOCKS = YES;
				GCC_OPTIMIZATION_LEVEL = 0;
				GCC_PREPROCESSOR_DEFINITIONS = (
					"DEBUG=1",
					"$(inherited)",
				);
				GCC_WARN_64_TO_32_BIT_CONVERSION = YES;
				GCC_WARN_ABOUT_RETURN_TYPE = YES_ERROR;
				GCC_WARN_UNDECLARED_SELECTOR = YES;
				GCC_WARN_UNINITIALIZED_AUTOS = YES_AGGRESSIVE;
				GCC_WARN_UNUSED_FUNCTION = YES;
				GCC_WARN_UNUSED_VARIABLE = YES;
				IPHONEOS_DEPLOYMENT_TARGET = 17.4;
				LOCALIZATION_PREFERS_STRING_CATALOGS = YES;
				MTL_ENABLE_DEBUG_INFO = INCLUDE_SOURCE;
				MTL_FAST_MATH = YES;
				ONLY_ACTIVE_ARCH = YES;
				SDKROOT = iphoneos;
				SWIFT_ACTIVE_COMPILATION_CONDITIONS = "DEBUG $(inherited)";
				SWIFT_OPTIMIZATION_LEVEL = "-Onone";
			};
			name = Debug;
		};
		F41763A22BCEFF5800EBB86D /* Release */ = {
			isa = XCBuildConfiguration;
			buildSettings = {
				ALWAYS_SEARCH_USER_PATHS = NO;
				ASSETCATALOG_COMPILER_GENERATE_SWIFT_ASSET_SYMBOL_EXTENSIONS = YES;
				CLANG_ANALYZER_NONNULL = YES;
				CLANG_ANALYZER_NUMBER_OBJECT_CONVERSION = YES_AGGRESSIVE;
				CLANG_CXX_LANGUAGE_STANDARD = "gnu++20";
				CLANG_ENABLE_MODULES = YES;
				CLANG_ENABLE_OBJC_ARC = YES;
				CLANG_ENABLE_OBJC_WEAK = YES;
				CLANG_WARN_BLOCK_CAPTURE_AUTORELEASING = YES;
				CLANG_WARN_BOOL_CONVERSION = YES;
				CLANG_WARN_COMMA = YES;
				CLANG_WARN_CONSTANT_CONVERSION = YES;
				CLANG_WARN_DEPRECATED_OBJC_IMPLEMENTATIONS = YES;
				CLANG_WARN_DIRECT_OBJC_ISA_USAGE = YES_ERROR;
				CLANG_WARN_DOCUMENTATION_COMMENTS = YES;
				CLANG_WARN_EMPTY_BODY = YES;
				CLANG_WARN_ENUM_CONVERSION = YES;
				CLANG_WARN_INFINITE_RECURSION = YES;
				CLANG_WARN_INT_CONVERSION = YES;
				CLANG_WARN_NON_LITERAL_NULL_CONVERSION = YES;
				CLANG_WARN_OBJC_IMPLICIT_RETAIN_SELF = YES;
				CLANG_WARN_OBJC_LITERAL_CONVERSION = YES;
				CLANG_WARN_OBJC_ROOT_CLASS = YES_ERROR;
				CLANG_WARN_QUOTED_INCLUDE_IN_FRAMEWORK_HEADER = YES;
				CLANG_WARN_RANGE_LOOP_ANALYSIS = YES;
				CLANG_WARN_STRICT_PROTOTYPES = YES;
				CLANG_WARN_SUSPICIOUS_MOVE = YES;
				CLANG_WARN_UNGUARDED_AVAILABILITY = YES_AGGRESSIVE;
				CLANG_WARN_UNREACHABLE_CODE = YES;
				CLANG_WARN__DUPLICATE_METHOD_MATCH = YES;
				COPY_PHASE_STRIP = NO;
				DEBUG_INFORMATION_FORMAT = "dwarf-with-dsym";
				ENABLE_NS_ASSERTIONS = NO;
				ENABLE_STRICT_OBJC_MSGSEND = YES;
				ENABLE_USER_SCRIPT_SANDBOXING = YES;
				GCC_C_LANGUAGE_STANDARD = gnu17;
				GCC_NO_COMMON_BLOCKS = YES;
				GCC_WARN_64_TO_32_BIT_CONVERSION = YES;
				GCC_WARN_ABOUT_RETURN_TYPE = YES_ERROR;
				GCC_WARN_UNDECLARED_SELECTOR = YES;
				GCC_WARN_UNINITIALIZED_AUTOS = YES_AGGRESSIVE;
				GCC_WARN_UNUSED_FUNCTION = YES;
				GCC_WARN_UNUSED_VARIABLE = YES;
				IPHONEOS_DEPLOYMENT_TARGET = 17.4;
				LOCALIZATION_PREFERS_STRING_CATALOGS = YES;
				MTL_ENABLE_DEBUG_INFO = NO;
				MTL_FAST_MATH = YES;
				SDKROOT = iphoneos;
				SWIFT_COMPILATION_MODE = wholemodule;
				VALIDATE_PRODUCT = YES;
			};
			name = Release;
		};
		F41763A42BCEFF5800EBB86D /* Debug */ = {
			isa = XCBuildConfiguration;
			buildSettings = {
				ASSETCATALOG_COMPILER_APPICON_NAME = AppIcon;
				ASSETCATALOG_COMPILER_GLOBAL_ACCENT_COLOR_NAME = AccentColor;
				CODE_SIGN_STYLE = Automatic;
				CURRENT_PROJECT_VERSION = 1;
				DEVELOPMENT_TEAM = 87P7GYW9VY;
				GENERATE_INFOPLIST_FILE = YES;
				INFOPLIST_FILE = iStore/Info.plist;
				INFOPLIST_KEY_UILaunchStoryboardName = LaunchScreen;
				INFOPLIST_KEY_UISupportedInterfaceOrientations = UIInterfaceOrientationPortrait;
				INFOPLIST_KEY_UISupportedInterfaceOrientations_iPad = "UIInterfaceOrientationLandscapeLeft UIInterfaceOrientationLandscapeRight UIInterfaceOrientationPortrait UIInterfaceOrientationPortraitUpsideDown";
				IPHONEOS_DEPLOYMENT_TARGET = 15.0;
				LD_RUNPATH_SEARCH_PATHS = (
					"$(inherited)",
					"@executable_path/Frameworks",
				);
				MARKETING_VERSION = 1.0;
				PRODUCT_BUNDLE_IDENTIFIER = "Michael-Bolgar.iStore";
				PRODUCT_NAME = "$(TARGET_NAME)";
				SUPPORTED_PLATFORMS = "iphoneos iphonesimulator";
				SUPPORTS_MACCATALYST = NO;
				SUPPORTS_MAC_DESIGNED_FOR_IPHONE_IPAD = NO;
				SUPPORTS_XR_DESIGNED_FOR_IPHONE_IPAD = NO;
				SWIFT_EMIT_LOC_STRINGS = YES;
				SWIFT_VERSION = 5.0;
				TARGETED_DEVICE_FAMILY = 1;
			};
			name = Debug;
		};
		F41763A52BCEFF5800EBB86D /* Release */ = {
			isa = XCBuildConfiguration;
			buildSettings = {
				ASSETCATALOG_COMPILER_APPICON_NAME = AppIcon;
				ASSETCATALOG_COMPILER_GLOBAL_ACCENT_COLOR_NAME = AccentColor;
				CODE_SIGN_STYLE = Automatic;
				CURRENT_PROJECT_VERSION = 1;
				DEVELOPMENT_TEAM = 87P7GYW9VY;
				GENERATE_INFOPLIST_FILE = YES;
				INFOPLIST_FILE = iStore/Info.plist;
				INFOPLIST_KEY_UILaunchStoryboardName = LaunchScreen;
				INFOPLIST_KEY_UISupportedInterfaceOrientations = UIInterfaceOrientationPortrait;
				INFOPLIST_KEY_UISupportedInterfaceOrientations_iPad = "UIInterfaceOrientationLandscapeLeft UIInterfaceOrientationLandscapeRight UIInterfaceOrientationPortrait UIInterfaceOrientationPortraitUpsideDown";
				IPHONEOS_DEPLOYMENT_TARGET = 15.0;
				LD_RUNPATH_SEARCH_PATHS = (
					"$(inherited)",
					"@executable_path/Frameworks",
				);
				MARKETING_VERSION = 1.0;
				PRODUCT_BUNDLE_IDENTIFIER = "Michael-Bolgar.iStore";
				PRODUCT_NAME = "$(TARGET_NAME)";
				SUPPORTED_PLATFORMS = "iphoneos iphonesimulator";
				SUPPORTS_MACCATALYST = NO;
				SUPPORTS_MAC_DESIGNED_FOR_IPHONE_IPAD = NO;
				SUPPORTS_XR_DESIGNED_FOR_IPHONE_IPAD = NO;
				SWIFT_EMIT_LOC_STRINGS = YES;
				SWIFT_VERSION = 5.0;
				TARGETED_DEVICE_FAMILY = 1;
			};
			name = Release;
		};
/* End XCBuildConfiguration section */

/* Begin XCConfigurationList section */
		F417638A2BCEFF5600EBB86D /* Build configuration list for PBXProject "iStore" */ = {
			isa = XCConfigurationList;
			buildConfigurations = (
				F41763A12BCEFF5800EBB86D /* Debug */,
				F41763A22BCEFF5800EBB86D /* Release */,
			);
			defaultConfigurationIsVisible = 0;
			defaultConfigurationName = Release;
		};
		F41763A32BCEFF5800EBB86D /* Build configuration list for PBXNativeTarget "iStore" */ = {
			isa = XCConfigurationList;
			buildConfigurations = (
				F41763A42BCEFF5800EBB86D /* Debug */,
				F41763A52BCEFF5800EBB86D /* Release */,
			);
			defaultConfigurationIsVisible = 0;
			defaultConfigurationName = Release;
		};
/* End XCConfigurationList section */

/* Begin XCRemoteSwiftPackageReference section */
		E0364B5D2BD6AD9300CACBCC /* XCRemoteSwiftPackageReference "firebase-ios-sdk" */ = {
			isa = XCRemoteSwiftPackageReference;
			repositoryURL = "https://github.com/firebase/firebase-ios-sdk.git";
			requirement = {
				kind = upToNextMajorVersion;
				minimumVersion = 10.24.0;
			};
		};
/* End XCRemoteSwiftPackageReference section */

/* Begin XCSwiftPackageProductDependency section */
		E0364B5E2BD6AD9300CACBCC /* FirebaseAuth */ = {
			isa = XCSwiftPackageProductDependency;
			package = E0364B5D2BD6AD9300CACBCC /* XCRemoteSwiftPackageReference "firebase-ios-sdk" */;
			productName = FirebaseAuth;
		};
		E0364B602BD6AD9300CACBCC /* FirebaseFirestore */ = {
			isa = XCSwiftPackageProductDependency;
			package = E0364B5D2BD6AD9300CACBCC /* XCRemoteSwiftPackageReference "firebase-ios-sdk" */;
			productName = FirebaseFirestore;
		};
		E0364B622BD6AD9300CACBCC /* FirebaseFirestoreSwift */ = {
			isa = XCSwiftPackageProductDependency;
			package = E0364B5D2BD6AD9300CACBCC /* XCRemoteSwiftPackageReference "firebase-ios-sdk" */;
			productName = FirebaseFirestoreSwift;
		};
		E0364B642BD6D65C00CACBCC /* FirebaseStorage */ = {
			isa = XCSwiftPackageProductDependency;
			package = E0364B5D2BD6AD9300CACBCC /* XCRemoteSwiftPackageReference "firebase-ios-sdk" */;
			productName = FirebaseStorage;
		};
/* End XCSwiftPackageProductDependency section */
	};
	rootObject = F41763872BCEFF5600EBB86D /* Project object */;
}
